
Microsoft Visual Studio Solution File, Format Version 12.00
# Visual Studio Version 17
VisualStudioVersion = 17.4.33110.190
MinimumVisualStudioVersion = 10.0.40219.1
Project("{FAE04EC0-301F-11D3-BF4B-00C04F79EFBC}") = "FunctionApp", "FunctionApp\FunctionApp.csproj", "{D21D0E61-08DD-4588-9E1D-6BB8EF31C694}"
EndProject
Global
	GlobalSection(SolutionConfigurationPlatforms) = preSolution
		Debug|Any CPU = Debug|Any CPU
		Release|Any CPU = Release|Any CPU
	EndGlobalSection
	GlobalSection(ProjectConfigurationPlatforms) = postSolution
		{D21D0E61-08DD-4588-9E1D-6BB8EF31C694}.Debug|Any CPU.ActiveCfg = Debug|Any CPU
		{D21D0E61-08DD-4588-9E1D-6BB8EF31C694}.Debug|Any CPU.Build.0 = Debug|Any CPU
		{D21D0E61-08DD-4588-9E1D-6BB8EF31C694}.Release|Any CPU.ActiveCfg = Release|Any CPU
		{D21D0E61-08DD-4588-9E1D-6BB8EF31C694}.Release|Any CPU.Build.0 = Release|Any CPU
	EndGlobalSection
	GlobalSection(SolutionProperties) = preSolution
		HideSolutionNode = FALSE
	EndGlobalSection
	GlobalSection(ExtensibilityGlobals) = postSolution
		SolutionGuid = {D6BA19CF-6F86-45A6-9ED0-1FF55A273C50}
	EndGlobalSection
EndGlobal
