
Microsoft Visual Studio Solution File, Format Version 12.00
# Visual Studio Version 17
VisualStudioVersion = 17.4.33110.190
MinimumVisualStudioVersion = 10.0.40219.1
Project("{FAE04EC0-301F-11D3-BF4B-00C04F79EFBC}") = "IsolatedFunctionApp", "IsolatedFunctionApp\IsolatedFunctionApp.csproj", "{DB4F4707-25FD-4049-A68B-B6507C4A36D1}"
EndProject
Global
	GlobalSection(SolutionConfigurationPlatforms) = preSolution
		Debug|Any CPU = Debug|Any CPU
		Release|Any CPU = Release|Any CPU
	EndGlobalSection
	GlobalSection(ProjectConfigurationPlatforms) = postSolution
		{DB4F4707-25FD-4049-A68B-B6507C4A36D1}.Debug|Any CPU.ActiveCfg = Debug|Any CPU
		{DB4F4707-25FD-4049-A68B-B6507C4A36D1}.Debug|Any CPU.Build.0 = Debug|Any CPU
		{DB4F4707-25FD-4049-A68B-B6507C4A36D1}.Release|Any CPU.ActiveCfg = Release|Any CPU
		{DB4F4707-25FD-4049-A68B-B6507C4A36D1}.Release|Any CPU.Build.0 = Release|Any CPU
	EndGlobalSection
	GlobalSection(SolutionProperties) = preSolution
		HideSolutionNode = FALSE
	EndGlobalSection
	GlobalSection(ExtensibilityGlobals) = postSolution
		SolutionGuid = {2B57C302-2BE0-4740-BBF0-1B7CDF7ED850}
	EndGlobalSection
EndGlobal
