
Microsoft Visual Studio Solution File, Format Version 12.00
# Visual Studio Version 17
VisualStudioVersion = 17.4.33110.190
MinimumVisualStudioVersion = 10.0.40219.1
Project("{FAE04EC0-301F-11D3-BF4B-00C04F79EFBC}") = "FeatureFlagConsoleDemo", "FeatureFlagConsoleDemo\FeatureFlagConsoleDemo.csproj", "{F5195055-9534-4A5C-906F-3FEC1B264F34}"
EndProject
Global
	GlobalSection(SolutionConfigurationPlatforms) = preSolution
		Debug|Any CPU = Debug|Any CPU
		Release|Any CPU = Release|Any CPU
	EndGlobalSection
	GlobalSection(ProjectConfigurationPlatforms) = postSolution
		{F5195055-9534-4A5C-906F-3FEC1B264F34}.Debug|Any CPU.ActiveCfg = Debug|Any CPU
		{F5195055-9534-4A5C-906F-3FEC1B264F34}.Debug|Any CPU.Build.0 = Debug|Any CPU
		{F5195055-9534-4A5C-906F-3FEC1B264F34}.Release|Any CPU.ActiveCfg = Release|Any CPU
		{F5195055-9534-4A5C-906F-3FEC1B264F34}.Release|Any CPU.Build.0 = Release|Any CPU
	EndGlobalSection
	GlobalSection(SolutionProperties) = preSolution
		HideSolutionNode = FALSE
	EndGlobalSection
	GlobalSection(ExtensibilityGlobals) = postSolution
		SolutionGuid = {2F38AEF0-9828-44CA-8AD3-0EA3B8BD7874}
	EndGlobalSection
EndGlobal
