
Microsoft Visual Studio Solution File, Format Version 12.00
# Visual Studio Version 17
VisualStudioVersion = 17.4.33110.190
MinimumVisualStudioVersion = 10.0.40219.1
Project("{FAE04EC0-301F-11D3-BF4B-00C04F79EFBC}") = "TestApi", "TestApi\TestApi.csproj", "{E1EE0473-56E9-4C59-AE08-59845D7B6C63}"
EndProject
Global
	GlobalSection(SolutionConfigurationPlatforms) = preSolution
		Debug|Any CPU = Debug|Any CPU
		Release|Any CPU = Release|Any CPU
	EndGlobalSection
	GlobalSection(ProjectConfigurationPlatforms) = postSolution
		{E1EE0473-56E9-4C59-AE08-59845D7B6C63}.Debug|Any CPU.ActiveCfg = Debug|Any CPU
		{E1EE0473-56E9-4C59-AE08-59845D7B6C63}.Debug|Any CPU.Build.0 = Debug|Any CPU
		{E1EE0473-56E9-4C59-AE08-59845D7B6C63}.Release|Any CPU.ActiveCfg = Release|Any CPU
		{E1EE0473-56E9-4C59-AE08-59845D7B6C63}.Release|Any CPU.Build.0 = Release|Any CPU
	EndGlobalSection
	GlobalSection(SolutionProperties) = preSolution
		HideSolutionNode = FALSE
	EndGlobalSection
	GlobalSection(ExtensibilityGlobals) = postSolution
		SolutionGuid = {90719700-0B18-4195-A10C-7D698D51EFD0}
	EndGlobalSection
EndGlobal
